
Microsoft Visual Studio Solution File, Format Version 12.00
# Visual Studio Version 16
VisualStudioVersion = 16.0.29025.244
MinimumVisualStudioVersion = 10.0.40219.1
Project("{FAE04EC0-301F-11D3-BF4B-00C04F79EFBC}") = "WindowsFormsApp2", "WindowsFormsApp2\WindowsFormsApp2.csproj", "{F7234290-B033-4F53-A000-13277E1BE6B3}"
EndProject
Global
	GlobalSection(SolutionConfigurationPlatforms) = preSolution
		Debug|Any CPU = Debug|Any CPU
		Release|Any CPU = Release|Any CPU
	EndGlobalSection
	GlobalSection(ProjectConfigurationPlatforms) = postSolution
		{F7234290-B033-4F53-A000-13277E1BE6B3}.Debug|Any CPU.ActiveCfg = Debug|Any CPU
		{F7234290-B033-4F53-A000-13277E1BE6B3}.Debug|Any CPU.Build.0 = Debug|Any CPU
		{F7234290-B033-4F53-A000-13277E1BE6B3}.Release|Any CPU.ActiveCfg = Release|Any CPU
		{F7234290-B033-4F53-A000-13277E1BE6B3}.Release|Any CPU.Build.0 = Release|Any CPU
	EndGlobalSection
	GlobalSection(SolutionProperties) = preSolution
		HideSolutionNode = FALSE
	EndGlobalSection
	GlobalSection(ExtensibilityGlobals) = postSolution
		SolutionGuid = {EE7FE724-40B7-42B2-A057-EAC5A095CA0B}
	EndGlobalSection
EndGlobal
